
Microsoft Visual Studio Solution File, Format Version 12.00
# Visual Studio 14
VisualStudioVersion = 14.0.25420.1
MinimumVisualStudioVersion = 10.0.40219.1
Project("{FAE04EC0-301F-11D3-BF4B-00C04F79EFBC}") = "Appliances", "Appliances\Appliances.csproj", "{28AC811B-6FA0-4FAA-B833-00CE6B1F04B9}"
EndProject
Project("{FAE04EC0-301F-11D3-BF4B-00C04F79EFBC}") = "DevicesForm", "Devices\DevicesForm.csproj", "{6570A0F2-D5A3-41F6-960C-DBA4D9C2D105}"
EndProject
Global
	GlobalSection(SolutionConfigurationPlatforms) = preSolution
		Debug|Any CPU = Debug|Any CPU
		Release|Any CPU = Release|Any CPU
	EndGlobalSection
	GlobalSection(ProjectConfigurationPlatforms) = postSolution
		{28AC811B-6FA0-4FAA-B833-00CE6B1F04B9}.Debug|Any CPU.ActiveCfg = Debug|Any CPU
		{28AC811B-6FA0-4FAA-B833-00CE6B1F04B9}.Debug|Any CPU.Build.0 = Debug|Any CPU
		{28AC811B-6FA0-4FAA-B833-00CE6B1F04B9}.Release|Any CPU.ActiveCfg = Release|Any CPU
		{28AC811B-6FA0-4FAA-B833-00CE6B1F04B9}.Release|Any CPU.Build.0 = Release|Any CPU
		{6570A0F2-D5A3-41F6-960C-DBA4D9C2D105}.Debug|Any CPU.ActiveCfg = Debug|Any CPU
		{6570A0F2-D5A3-41F6-960C-DBA4D9C2D105}.Debug|Any CPU.Build.0 = Debug|Any CPU
		{6570A0F2-D5A3-41F6-960C-DBA4D9C2D105}.Release|Any CPU.ActiveCfg = Release|Any CPU
		{6570A0F2-D5A3-41F6-960C-DBA4D9C2D105}.Release|Any CPU.Build.0 = Release|Any CPU
	EndGlobalSection
	GlobalSection(SolutionProperties) = preSolution
		HideSolutionNode = FALSE
	EndGlobalSection
EndGlobal
